
Microsoft Visual Studio Solution File, Format Version 12.00
Project("{2150E333-8FDC-42A3-9474-1A3956D46DE8}") = "Core", "Core", "{780D20F5-41D5-4C90-8106-A24CD8DE6302}"
EndProject
Project("{FAE04EC0-301F-11D3-BF4B-00C04F79EFBC}") = "Gatekeeper.Core", "Core\Gatekeeper.Core\Gatekeeper.Core.csproj", "{EC4F63E7-5085-4BB9-A748-6385C352283C}"
EndProject
Project("{FAE04EC0-301F-11D3-BF4B-00C04F79EFBC}") = "Gatekeeper.Core.Test", "Core\Gatekeeper.Core.Test\Gatekeeper.Core.Test.csproj", "{6BD2C014-AA0E-4E66-B0F1-01AFDE8E1488}"
EndProject
Global
	GlobalSection(SolutionConfigurationPlatforms) = preSolution
		Debug|Any CPU = Debug|Any CPU
		Release|Any CPU = Release|Any CPU
	EndGlobalSection
	GlobalSection(NestedProjects) = preSolution
		{EC4F63E7-5085-4BB9-A748-6385C352283C} = {780D20F5-41D5-4C90-8106-A24CD8DE6302}
		{6BD2C014-AA0E-4E66-B0F1-01AFDE8E1488} = {780D20F5-41D5-4C90-8106-A24CD8DE6302}
	EndGlobalSection
	GlobalSection(ProjectConfigurationPlatforms) = postSolution
		{EC4F63E7-5085-4BB9-A748-6385C352283C}.Debug|Any CPU.ActiveCfg = Debug|Any CPU
		{EC4F63E7-5085-4BB9-A748-6385C352283C}.Debug|Any CPU.Build.0 = Debug|Any CPU
		{EC4F63E7-5085-4BB9-A748-6385C352283C}.Release|Any CPU.ActiveCfg = Release|Any CPU
		{EC4F63E7-5085-4BB9-A748-6385C352283C}.Release|Any CPU.Build.0 = Release|Any CPU
		{6BD2C014-AA0E-4E66-B0F1-01AFDE8E1488}.Debug|Any CPU.ActiveCfg = Debug|Any CPU
		{6BD2C014-AA0E-4E66-B0F1-01AFDE8E1488}.Debug|Any CPU.Build.0 = Debug|Any CPU
		{6BD2C014-AA0E-4E66-B0F1-01AFDE8E1488}.Release|Any CPU.ActiveCfg = Release|Any CPU
		{6BD2C014-AA0E-4E66-B0F1-01AFDE8E1488}.Release|Any CPU.Build.0 = Release|Any CPU
	EndGlobalSection
EndGlobal
